
Microsoft Visual Studio Solution File, Format Version 12.00
# Visual Studio Version 16
VisualStudioVersion = 16.0.30621.155
MinimumVisualStudioVersion = 10.0.40219.1
Project("{8BC9CEB8-8B4A-11D0-8D11-00A0C91BC942}") = "KakaoTalk Dark", "KakaoTalk Dark\KakaoTalk Dark.vcxproj", "{AEF7FD4E-CA08-40E8-90C0-B5E7CF492867}"
EndProject
Global
	GlobalSection(SolutionConfigurationPlatforms) = preSolution
		Debug|x64 = Debug|x64
		Debug|x86 = Debug|x86
		Release|x64 = Release|x64
		Release|x86 = Release|x86
	EndGlobalSection
	GlobalSection(ProjectConfigurationPlatforms) = postSolution
		{AEF7FD4E-CA08-40E8-90C0-B5E7CF492867}.Debug|x64.ActiveCfg = Debug|x64
		{AEF7FD4E-CA08-40E8-90C0-B5E7CF492867}.Debug|x64.Build.0 = Debug|x64
		{AEF7FD4E-CA08-40E8-90C0-B5E7CF492867}.Debug|x86.ActiveCfg = Debug|Win32
		{AEF7FD4E-CA08-40E8-90C0-B5E7CF492867}.Debug|x86.Build.0 = Debug|Win32
		{AEF7FD4E-CA08-40E8-90C0-B5E7CF492867}.Release|x64.ActiveCfg = Release|x64
		{AEF7FD4E-CA08-40E8-90C0-B5E7CF492867}.Release|x64.Build.0 = Release|x64
		{AEF7FD4E-CA08-40E8-90C0-B5E7CF492867}.Release|x86.ActiveCfg = Release|Win32
		{AEF7FD4E-CA08-40E8-90C0-B5E7CF492867}.Release|x86.Build.0 = Release|Win32
	EndGlobalSection
	GlobalSection(SolutionProperties) = preSolution
		HideSolutionNode = FALSE
	EndGlobalSection
	GlobalSection(ExtensibilityGlobals) = postSolution
		SolutionGuid = {83417E9E-6F78-4B33-BAE6-221CD07601CC}
	EndGlobalSection
EndGlobal
